
Microsoft Visual Studio Solution File, Format Version 12.00
# Visual Studio Version 17
VisualStudioVersion = 17.9.34622.214
MinimumVisualStudioVersion = 10.0.40219.1
Project("{FAE04EC0-301F-11D3-BF4B-00C04F79EFBC}") = "Задача", "Задача\Задача.csproj", "{580808FF-4831-47BE-9B9F-2B3321AAD028}"
EndProject
Global
	GlobalSection(SolutionConfigurationPlatforms) = preSolution
		Debug|Any CPU = Debug|Any CPU
		Release|Any CPU = Release|Any CPU
	EndGlobalSection
	GlobalSection(ProjectConfigurationPlatforms) = postSolution
		{580808FF-4831-47BE-9B9F-2B3321AAD028}.Debug|Any CPU.ActiveCfg = Debug|Any CPU
		{580808FF-4831-47BE-9B9F-2B3321AAD028}.Debug|Any CPU.Build.0 = Debug|Any CPU
		{580808FF-4831-47BE-9B9F-2B3321AAD028}.Release|Any CPU.ActiveCfg = Release|Any CPU
		{580808FF-4831-47BE-9B9F-2B3321AAD028}.Release|Any CPU.Build.0 = Release|Any CPU
	EndGlobalSection
	GlobalSection(SolutionProperties) = preSolution
		HideSolutionNode = FALSE
	EndGlobalSection
	GlobalSection(ExtensibilityGlobals) = postSolution
		SolutionGuid = {AC72EB08-8C02-41AD-84C4-07251F0284B0}
	EndGlobalSection
EndGlobal
